// !$*UTF8*$!
{
	archiveVersion = 1;
	classes = {
	};
	objectVersion = 56;
	objects = {

/* Begin PBXBuildFile section */
		B34A26022A1754C300B63D41 /* yubisayuAllahuakbarApp.swift in Sources */ = {isa = PBXBuildFile; fileRef = B34A26012A1754C300B63D41 /* yubisayuAllahuakbarApp.swift */; };
		B34A26042A1754C300B63D41 /* ContentView.swift in Sources */ = {isa = PBXBuildFile; fileRef = B34A26032A1754C300B63D41 /* ContentView.swift */; };
		B34A26062A1754C300B63D41 /* Assets.xcassets in Resources */ = {isa = PBXBuildFile; fileRef = B34A26052A1754C300B63D41 /* Assets.xcassets */; };
		B34A26092A1754C300B63D41 /* Preview Assets.xcassets in Resources */ = {isa = PBXBuildFile; fileRef = B34A26082A1754C300B63D41 /* Preview Assets.xcassets */; };
		B34A26132A1754C300B63D41 /* yubisayuAllahuakbarTests.swift in Sources */ = {isa = PBXBuildFile; fileRef = B34A26122A1754C300B63D41 /* yubisayuAllahuakbarTests.swift */; };
		B34A261D2A1754C300B63D41 /* yubisayuAllahuakbarUITests.swift in Sources */ = {isa = PBXBuildFile; fileRef = B34A261C2A1754C300B63D41 /* yubisayuAllahuakbarUITests.swift */; };
		B34A261F2A1754C300B63D41 /* yubisayuAllahuakbarUITestsLaunchTests.swift in Sources */ = {isa = PBXBuildFile; fileRef = B34A261E2A1754C300B63D41 /* yubisayuAllahuakbarUITestsLaunchTests.swift */; };
/* End PBXBuildFile section */

/* Begin PBXContainerItemProxy section */
		B34A260F2A1754C300B63D41 /* PBXContainerItemProxy */ = {
			isa = PBXContainerItemProxy;
			containerPortal = B34A25F62A1754C300B63D41 /* Project object */;
			proxyType = 1;
			remoteGlobalIDString = B34A25FD2A1754C300B63D41;
			remoteInfo = yubisayuAllahuakbar;
		};
		B34A26192A1754C300B63D41 /* PBXContainerItemProxy */ = {
			isa = PBXContainerItemProxy;
			containerPortal = B34A25F62A1754C300B63D41 /* Project object */;
			proxyType = 1;
			remoteGlobalIDString = B34A25FD2A1754C300B63D41;
			remoteInfo = yubisayuAllahuakbar;
		};
/* End PBXContainerItemProxy section */

/* Begin PBXFileReference section */
		B34A25FE2A1754C300B63D41 /* yubisayuAllahuakbar.app */ = {isa = PBXFileReference; explicitFileType = wrapper.application; includeInIndex = 0; path = yubisayuAllahuakbar.app; sourceTree = BUILT_PRODUCTS_DIR; };
		B34A26012A1754C300B63D41 /* yubisayuAllahuakbarApp.swift */ = {isa = PBXFileReference; lastKnownFileType = sourcecode.swift; path = yubisayuAllahuakbarApp.swift; sourceTree = "<group>"; };
		B34A26032A1754C300B63D41 /* ContentView.swift */ = {isa = PBXFileReference; lastKnownFileType = sourcecode.swift; path = ContentView.swift; sourceTree = "<group>"; };
		B34A26052A1754C300B63D41 /* Assets.xcassets */ = {isa = PBXFileReference; lastKnownFileType = folder.assetcatalog; path = Assets.xcassets; sourceTree = "<group>"; };
		B34A26082A1754C300B63D41 /* Preview Assets.xcassets */ = {isa = PBXFileReference; lastKnownFileType = folder.assetcatalog; path = "Preview Assets.xcassets"; sourceTree = "<group>"; };
		B34A260E2A1754C300B63D41 /* yubisayuAllahuakbarTests.xctest */ = {isa = PBXFileReference; explicitFileType = wrapper.cfbundle; includeInIndex = 0; path = yubisayuAllahuakbarTests.xctest; sourceTree = BUILT_PRODUCTS_DIR; };
		B34A26122A1754C300B63D41 /* yubisayuAllahuakbarTests.swift */ = {isa = PBXFileReference; lastKnownFileType = sourcecode.swift; path = yubisayuAllahuakbarTests.swift; sourceTree = "<group>"; };
		B34A26182A1754C300B63D41 /* yubisayuAllahuakbarUITests.xctest */ = {isa = PBXFileReference; explicitFileType = wrapper.cfbundle; includeInIndex = 0; path = yubisayuAllahuakbarUITests.xctest; sourceTree = BUILT_PRODUCTS_DIR; };
		B34A261C2A1754C300B63D41 /* yubisayuAllahuakbarUITests.swift */ = {isa = PBXFileReference; lastKnownFileType = sourcecode.swift; path = yubisayuAllahuakbarUITests.swift; sourceTree = "<group>"; };
		B34A261E2A1754C300B63D41 /* yubisayuAllahuakbarUITestsLaunchTests.swift */ = {isa = PBXFileReference; lastKnownFileType = sourcecode.swift; path = yubisayuAllahuakbarUITestsLaunchTests.swift; sourceTree = "<group>"; };
/* End PBXFileReference section */

/* Begin PBXFrameworksBuildPhase section */
		B34A25FB2A1754C300B63D41 /* Frameworks */ = {
			isa = PBXFrameworksBuildPhase;
			buildActionMask = 2147483647;
			files = (
			);
			runOnlyForDeploymentPostprocessing = 0;
		};
		B34A260B2A1754C300B63D41 /* Frameworks */ = {
			isa = PBXFrameworksBuildPhase;
			buildActionMask = 2147483647;
			files = (
			);
			runOnlyForDeploymentPostprocessing = 0;
		};
		B34A26152A1754C300B63D41 /* Frameworks */ = {
			isa = PBXFrameworksBuildPhase;
			buildActionMask = 2147483647;
			files = (
			);
			runOnlyForDeploymentPostprocessing = 0;
		};
/* End PBXFrameworksBuildPhase section */

/* Begin PBXGroup section */
		B34A25F52A1754C300B63D41 = {
			isa = PBXGroup;
			children = (
				B34A26002A1754C300B63D41 /* yubisayuAllahuakbar */,
				B34A26112A1754C300B63D41 /* yubisayuAllahuakbarTests */,
				B34A261B2A1754C300B63D41 /* yubisayuAllahuakbarUITests */,
				B34A25FF2A1754C300B63D41 /* Products */,
			);
			sourceTree = "<group>";
		};
		B34A25FF2A1754C300B63D41 /* Products */ = {
			isa = PBXGroup;
			children = (
				B34A25FE2A1754C300B63D41 /* yubisayuAllahuakbar.app */,
				B34A260E2A1754C300B63D41 /* yubisayuAllahuakbarTests.xctest */,
				B34A26182A1754C300B63D41 /* yubisayuAllahuakbarUITests.xctest */,
			);
			name = Products;
			sourceTree = "<group>";
		};
		B34A26002A1754C300B63D41 /* yubisayuAllahuakbar */ = {
			isa = PBXGroup;
			children = (
				B34A26012A1754C300B63D41 /* yubisayuAllahuakbarApp.swift */,
				B34A26032A1754C300B63D41 /* ContentView.swift */,
				B34A26052A1754C300B63D41 /* Assets.xcassets */,
				B34A26072A1754C300B63D41 /* Preview Content */,
			);
			path = yubisayuAllahuakbar;
			sourceTree = "<group>";
		};
		B34A26072A1754C300B63D41 /* Preview Content */ = {
			isa = PBXGroup;
			children = (
				B34A26082A1754C300B63D41 /* Preview Assets.xcassets */,
			);
			path = "Preview Content";
			sourceTree = "<group>";
		};
		B34A26112A1754C300B63D41 /* yubisayuAllahuakbarTests */ = {
			isa = PBXGroup;
			children = (
				B34A26122A1754C300B63D41 /* yubisayuAllahuakbarTests.swift */,
			);
			path = yubisayuAllahuakbarTests;
			sourceTree = "<group>";
		};
		B34A261B2A1754C300B63D41 /* yubisayuAllahuakbarUITests */ = {
			isa = PBXGroup;
			children = (
				B34A261C2A1754C300B63D41 /* yubisayuAllahuakbarUITests.swift */,
				B34A261E2A1754C300B63D41 /* yubisayuAllahuakbarUITestsLaunchTests.swift */,
			);
			path = yubisayuAllahuakbarUITests;
			sourceTree = "<group>";
		};
/* End PBXGroup section */

/* Begin PBXNativeTarget section */
		B34A25FD2A1754C300B63D41 /* yubisayuAllahuakbar */ = {
			isa = PBXNativeTarget;
			buildConfigurationList = B34A26222A1754C300B63D41 /* Build configuration list for PBXNativeTarget "yubisayuAllahuakbar" */;
			buildPhases = (
				B34A25FA2A1754C300B63D41 /* Sources */,
				B34A25FB2A1754C300B63D41 /* Frameworks */,
				B34A25FC2A1754C300B63D41 /* Resources */,
			);
			buildRules = (
			);
			dependencies = (
			);
			name = yubisayuAllahuakbar;
			productName = yubisayuAllahuakbar;
			productReference = B34A25FE2A1754C300B63D41 /* yubisayuAllahuakbar.app */;
			productType = "com.apple.product-type.application";
		};
		B34A260D2A1754C300B63D41 /* yubisayuAllahuakbarTests */ = {
			isa = PBXNativeTarget;
			buildConfigurationList = B34A26252A1754C300B63D41 /* Build configuration list for PBXNativeTarget "yubisayuAllahuakbarTests" */;
			buildPhases = (
				B34A260A2A1754C300B63D41 /* Sources */,
				B34A260B2A1754C300B63D41 /* Frameworks */,
				B34A260C2A1754C300B63D41 /* Resources */,
			);
			buildRules = (
			);
			dependencies = (
				B34A26102A1754C300B63D41 /* PBXTargetDependency */,
			);
			name = yubisayuAllahuakbarTests;
			productName = yubisayuAllahuakbarTests;
			productReference = B34A260E2A1754C300B63D41 /* yubisayuAllahuakbarTests.xctest */;
			productType = "com.apple.product-type.bundle.unit-test";
		};
		B34A26172A1754C300B63D41 /* yubisayuAllahuakbarUITests */ = {
			isa = PBXNativeTarget;
			buildConfigurationList = B34A26282A1754C300B63D41 /* Build configuration list for PBXNativeTarget "yubisayuAllahuakbarUITests" */;
			buildPhases = (
				B34A26142A1754C300B63D41 /* Sources */,
				B34A26152A1754C300B63D41 /* Frameworks */,
				B34A26162A1754C300B63D41 /* Resources */,
			);
			buildRules = (
			);
			dependencies = (
				B34A261A2A1754C300B63D41 /* PBXTargetDependency */,
			);
			name = yubisayuAllahuakbarUITests;
			productName = yubisayuAllahuakbarUITests;
			productReference = B34A26182A1754C300B63D41 /* yubisayuAllahuakbarUITests.xctest */;
			productType = "com.apple.product-type.bundle.ui-testing";
		};
/* End PBXNativeTarget section */

/* Begin PBXProject section */
		B34A25F62A1754C300B63D41 /* Project object */ = {
			isa = PBXProject;
			attributes = {
				BuildIndependentTargetsInParallel = 1;
				LastSwiftUpdateCheck = 1430;
				LastUpgradeCheck = 1430;
				TargetAttributes = {
					B34A25FD2A1754C300B63D41 = {
						CreatedOnToolsVersion = 14.3;
					};
					B34A260D2A1754C300B63D41 = {
						CreatedOnToolsVersion = 14.3;
						TestTargetID = B34A25FD2A1754C300B63D41;
					};
					B34A26172A1754C300B63D41 = {
						CreatedOnToolsVersion = 14.3;
						TestTargetID = B34A25FD2A1754C300B63D41;
					};
				};
			};
			buildConfigurationList = B34A25F92A1754C300B63D41 /* Build configuration list for PBXProject "yubisayuAllahuakbar" */;
			compatibilityVersion = "Xcode 14.0";
			developmentRegion = en;
			hasScannedForEncodings = 0;
			knownRegions = (
				en,
				Base,
			);
			mainGroup = B34A25F52A1754C300B63D41;
			productRefGroup = B34A25FF2A1754C300B63D41 /* Products */;
			projectDirPath = "";
			projectRoot = "";
			targets = (
				B34A25FD2A1754C300B63D41 /* yubisayuAllahuakbar */,
				B34A260D2A1754C300B63D41 /* yubisayuAllahuakbarTests */,
				B34A26172A1754C300B63D41 /* yubisayuAllahuakbarUITests */,
			);
		};
/* End PBXProject section */

/* Begin PBXResourcesBuildPhase section */
		B34A25FC2A1754C300B63D41 /* Resources */ = {
			isa = PBXResourcesBuildPhase;
			buildActionMask = 2147483647;
			files = (
				B34A26092A1754C300B63D41 /* Preview Assets.xcassets in Resources */,
				B34A26062A1754C300B63D41 /* Assets.xcassets in Resources */,
			);
			runOnlyForDeploymentPostprocessing = 0;
		};
		B34A260C2A1754C300B63D41 /* Resources */ = {
			isa = PBXResourcesBuildPhase;
			buildActionMask = 2147483647;
			files = (
			);
			runOnlyForDeploymentPostprocessing = 0;
		};
		B34A26162A1754C300B63D41 /* Resources */ = {
			isa = PBXResourcesBuildPhase;
			buildActionMask = 2147483647;
			files = (
			);
			runOnlyForDeploymentPostprocessing = 0;
		};
/* End PBXResourcesBuildPhase section */

/* Begin PBXSourcesBuildPhase section */
		B34A25FA2A1754C300B63D41 /* Sources */ = {
			isa = PBXSourcesBuildPhase;
			buildActionMask = 2147483647;
			files = (
				B34A26042A1754C300B63D41 /* ContentView.swift in Sources */,
				B34A26022A1754C300B63D41 /* yubisayuAllahuakbarApp.swift in Sources */,
			);
			runOnlyForDeploymentPostprocessing = 0;
		};
		B34A260A2A1754C300B63D41 /* Sources */ = {
			isa = PBXSourcesBuildPhase;
			buildActionMask = 2147483647;
			files = (
				B34A26132A1754C300B63D41 /* yubisayuAllahuakbarTests.swift in Sources */,
			);
			runOnlyForDeploymentPostprocessing = 0;
		};
		B34A26142A1754C300B63D41 /* Sources */ = {
			isa = PBXSourcesBuildPhase;
			buildActionMask = 2147483647;
			files = (
				B34A261F2A1754C300B63D41 /* yubisayuAllahuakbarUITestsLaunchTests.swift in Sources */,
				B34A261D2A1754C300B63D41 /* yubisayuAllahuakbarUITests.swift in Sources */,
			);
			runOnlyForDeploymentPostprocessing = 0;
		};
/* End PBXSourcesBuildPhase section */

/* Begin PBXTargetDependency section */
		B34A26102A1754C300B63D41 /* PBXTargetDependency */ = {
			isa = PBXTargetDependency;
			target = B34A25FD2A1754C300B63D41 /* yubisayuAllahuakbar */;
			targetProxy = B34A260F2A1754C300B63D41 /* PBXContainerItemProxy */;
		};
		B34A261A2A1754C300B63D41 /* PBXTargetDependency */ = {
			isa = PBXTargetDependency;
			target = B34A25FD2A1754C300B63D41 /* yubisayuAllahuakbar */;
			targetProxy = B34A26192A1754C300B63D41 /* PBXContainerItemProxy */;
		};
/* End PBXTargetDependency section */

/* Begin XCBuildConfiguration section */
		B34A26202A1754C300B63D41 /* Debug */ = {
			isa = XCBuildConfiguration;
			buildSettings = {
				ALWAYS_SEARCH_USER_PATHS = NO;
				CLANG_ANALYZER_NONNULL = YES;
				CLANG_ANALYZER_NUMBER_OBJECT_CONVERSION = YES_AGGRESSIVE;
				CLANG_CXX_LANGUAGE_STANDARD = "gnu++20";
				CLANG_ENABLE_MODULES = YES;
				CLANG_ENABLE_OBJC_ARC = YES;
				CLANG_ENABLE_OBJC_WEAK = YES;
				CLANG_WARN_BLOCK_CAPTURE_AUTORELEASING = YES;
				CLANG_WARN_BOOL_CONVERSION = YES;
				CLANG_WARN_COMMA = YES;
				CLANG_WARN_CONSTANT_CONVERSION = YES;
				CLANG_WARN_DEPRECATED_OBJC_IMPLEMENTATIONS = YES;
				CLANG_WARN_DIRECT_OBJC_ISA_USAGE = YES_ERROR;
				CLANG_WARN_DOCUMENTATION_COMMENTS = YES;
				CLANG_WARN_EMPTY_BODY = YES;
				CLANG_WARN_ENUM_CONVERSION = YES;
				CLANG_WARN_INFINITE_RECURSION = YES;
				CLANG_WARN_INT_CONVERSION = YES;
				CLANG_WARN_NON_LITERAL_NULL_CONVERSION = YES;
				CLANG_WARN_OBJC_IMPLICIT_RETAIN_SELF = YES;
				CLANG_WARN_OBJC_LITERAL_CONVERSION = YES;
				CLANG_WARN_OBJC_ROOT_CLASS = YES_ERROR;
				CLANG_WARN_QUOTED_INCLUDE_IN_FRAMEWORK_HEADER = YES;
				CLANG_WARN_RANGE_LOOP_ANALYSIS = YES;
				CLANG_WARN_STRICT_PROTOTYPES = YES;
				CLANG_WARN_SUSPICIOUS_MOVE = YES;
				CLANG_WARN_UNGUARDED_AVAILABILITY = YES_AGGRESSIVE;
				CLANG_WARN_UNREACHABLE_CODE = YES;
				CLANG_WARN__DUPLICATE_METHOD_MATCH = YES;
				COPY_PHASE_STRIP = NO;
				DEBUG_INFORMATION_FORMAT = dwarf;
				ENABLE_STRICT_OBJC_MSGSEND = YES;
				ENABLE_TESTABILITY = YES;
				GCC_C_LANGUAGE_STANDARD = gnu11;
				GCC_DYNAMIC_NO_PIC = NO;
				GCC_NO_COMMON_BLOCKS = YES;
				GCC_OPTIMIZATION_LEVEL = 0;
				GCC_PREPROCESSOR_DEFINITIONS = (
					"DEBUG=1",
					"$(inherited)",
				);
				GCC_WARN_64_TO_32_BIT_CONVERSION = YES;
				GCC_WARN_ABOUT_RETURN_TYPE = YES_ERROR;
				GCC_WARN_UNDECLARED_SELECTOR = YES;
				GCC_WARN_UNINITIALIZED_AUTOS = YES_AGGRESSIVE;
				GCC_WARN_UNUSED_FUNCTION = YES;
				GCC_WARN_UNUSED_VARIABLE = YES;
				IPHONEOS_DEPLOYMENT_TARGET = 16.4;
				MTL_ENABLE_DEBUG_INFO = INCLUDE_SOURCE;
				MTL_FAST_MATH = YES;
				ONLY_ACTIVE_ARCH = YES;
				SDKROOT = iphoneos;
				SWIFT_ACTIVE_COMPILATION_CONDITIONS = DEBUG;
				SWIFT_OPTIMIZATION_LEVEL = "-Onone";
			};
			name = Debug;
		};
		B34A26212A1754C300B63D41 /* Release */ = {
			isa = XCBuildConfiguration;
			buildSettings = {
				ALWAYS_SEARCH_USER_PATHS = NO;
				CLANG_ANALYZER_NONNULL = YES;
				CLANG_ANALYZER_NUMBER_OBJECT_CONVERSION = YES_AGGRESSIVE;
				CLANG_CXX_LANGUAGE_STANDARD = "gnu++20";
				CLANG_ENABLE_MODULES = YES;
				CLANG_ENABLE_OBJC_ARC = YES;
				CLANG_ENABLE_OBJC_WEAK = YES;
				CLANG_WARN_BLOCK_CAPTURE_AUTORELEASING = YES;
				CLANG_WARN_BOOL_CONVERSION = YES;
				CLANG_WARN_COMMA = YES;
				CLANG_WARN_CONSTANT_CONVERSION = YES;
				CLANG_WARN_DEPRECATED_OBJC_IMPLEMENTATIONS = YES;
				CLANG_WARN_DIRECT_OBJC_ISA_USAGE = YES_ERROR;
				CLANG_WARN_DOCUMENTATION_COMMENTS = YES;
				CLANG_WARN_EMPTY_BODY = YES;
				CLANG_WARN_ENUM_CONVERSION = YES;
				CLANG_WARN_INFINITE_RECURSION = YES;
				CLANG_WARN_INT_CONVERSION = YES;
				CLANG_WARN_NON_LITERAL_NULL_CONVERSION = YES;
				CLANG_WARN_OBJC_IMPLICIT_RETAIN_SELF = YES;
				CLANG_WARN_OBJC_LITERAL_CONVERSION = YES;
				CLANG_WARN_OBJC_ROOT_CLASS = YES_ERROR;
				CLANG_WARN_QUOTED_INCLUDE_IN_FRAMEWORK_HEADER = YES;
				CLANG_WARN_RANGE_LOOP_ANALYSIS = YES;
				CLANG_WARN_STRICT_PROTOTYPES = YES;
				CLANG_WARN_SUSPICIOUS_MOVE = YES;
				CLANG_WARN_UNGUARDED_AVAILABILITY = YES_AGGRESSIVE;
				CLANG_WARN_UNREACHABLE_CODE = YES;
				CLANG_WARN__DUPLICATE_METHOD_MATCH = YES;
				COPY_PHASE_STRIP = NO;
				DEBUG_INFORMATION_FORMAT = "dwarf-with-dsym";
				ENABLE_NS_ASSERTIONS = NO;
				ENABLE_STRICT_OBJC_MSGSEND = YES;
				GCC_C_LANGUAGE_STANDARD = gnu11;
				GCC_NO_COMMON_BLOCKS = YES;
				GCC_WARN_64_TO_32_BIT_CONVERSION = YES;
				GCC_WARN_ABOUT_RETURN_TYPE = YES_ERROR;
				GCC_WARN_UNDECLARED_SELECTOR = YES;
				GCC_WARN_UNINITIALIZED_AUTOS = YES_AGGRESSIVE;
				GCC_WARN_UNUSED_FUNCTION = YES;
				GCC_WARN_UNUSED_VARIABLE = YES;
				IPHONEOS_DEPLOYMENT_TARGET = 16.4;
				MTL_ENABLE_DEBUG_INFO = NO;
				MTL_FAST_MATH = YES;
				SDKROOT = iphoneos;
				SWIFT_COMPILATION_MODE = wholemodule;
				SWIFT_OPTIMIZATION_LEVEL = "-O";
				VALIDATE_PRODUCT = YES;
			};
			name = Release;
		};
		B34A26232A1754C300B63D41 /* Debug */ = {
			isa = XCBuildConfiguration;
			buildSettings = {
				ASSETCATALOG_COMPILER_APPICON_NAME = AppIcon;
				ASSETCATALOG_COMPILER_GLOBAL_ACCENT_COLOR_NAME = AccentColor;
				CODE_SIGN_STYLE = Automatic;
				CURRENT_PROJECT_VERSION = 1;
				DEVELOPMENT_ASSET_PATHS = "\"yubisayuAllahuakbar/Preview Content\"";
				DEVELOPMENT_TEAM = 23AZZMTR57;
				ENABLE_PREVIEWS = YES;
				GENERATE_INFOPLIST_FILE = YES;
				INFOPLIST_KEY_UIApplicationSceneManifest_Generation = YES;
				INFOPLIST_KEY_UIApplicationSupportsIndirectInputEvents = YES;
				INFOPLIST_KEY_UILaunchScreen_Generation = YES;
				INFOPLIST_KEY_UISupportedInterfaceOrientations_iPad = "UIInterfaceOrientationPortrait UIInterfaceOrientationPortraitUpsideDown UIInterfaceOrientationLandscapeLeft UIInterfaceOrientationLandscapeRight";
				INFOPLIST_KEY_UISupportedInterfaceOrientations_iPhone = "UIInterfaceOrientationPortrait UIInterfaceOrientationLandscapeLeft UIInterfaceOrientationLandscapeRight";
				LD_RUNPATH_SEARCH_PATHS = (
					"$(inherited)",
					"@executable_path/Frameworks",
				);
				MARKETING_VERSION = 1.0;
				PRODUCT_BUNDLE_IDENTIFIER = "Personal-Project.yubisayuAllahuakbar";
				PRODUCT_NAME = "$(TARGET_NAME)";
				SWIFT_EMIT_LOC_STRINGS = YES;
				SWIFT_VERSION = 5.0;
				TARGETED_DEVICE_FAMILY = "1,2";
			};
			name = Debug;
		};
		B34A26242A1754C300B63D41 /* Release */ = {
			isa = XCBuildConfiguration;
			buildSettings = {
				ASSETCATALOG_COMPILER_APPICON_NAME = AppIcon;
				ASSETCATALOG_COMPILER_GLOBAL_ACCENT_COLOR_NAME = AccentColor;
				CODE_SIGN_STYLE = Automatic;
				CURRENT_PROJECT_VERSION = 1;
				DEVELOPMENT_ASSET_PATHS = "\"yubisayuAllahuakbar/Preview Content\"";
				DEVELOPMENT_TEAM = 23AZZMTR57;
				ENABLE_PREVIEWS = YES;
				GENERATE_INFOPLIST_FILE = YES;
				INFOPLIST_KEY_UIApplicationSceneManifest_Generation = YES;
				INFOPLIST_KEY_UIApplicationSupportsIndirectInputEvents = YES;
				INFOPLIST_KEY_UILaunchScreen_Generation = YES;
				INFOPLIST_KEY_UISupportedInterfaceOrientations_iPad = "UIInterfaceOrientationPortrait UIInterfaceOrientationPortraitUpsideDown UIInterfaceOrientationLandscapeLeft UIInterfaceOrientationLandscapeRight";
				INFOPLIST_KEY_UISupportedInterfaceOrientations_iPhone = "UIInterfaceOrientationPortrait UIInterfaceOrientationLandscapeLeft UIInterfaceOrientationLandscapeRight";
				LD_RUNPATH_SEARCH_PATHS = (
					"$(inherited)",
					"@executable_path/Frameworks",
				);
				MARKETING_VERSION = 1.0;
				PRODUCT_BUNDLE_IDENTIFIER = "Personal-Project.yubisayuAllahuakbar";
				PRODUCT_NAME = "$(TARGET_NAME)";
				SWIFT_EMIT_LOC_STRINGS = YES;
				SWIFT_VERSION = 5.0;
				TARGETED_DEVICE_FAMILY = "1,2";
			};
			name = Release;
		};
		B34A26262A1754C300B63D41 /* Debug */ = {
			isa = XCBuildConfiguration;
			buildSettings = {
				ALWAYS_EMBED_SWIFT_STANDARD_LIBRARIES = YES;
				BUNDLE_LOADER = "$(TEST_HOST)";
				CODE_SIGN_STYLE = Automatic;
				CURRENT_PROJECT_VERSION = 1;
				DEVELOPMENT_TEAM = 23AZZMTR57;
				GENERATE_INFOPLIST_FILE = YES;
				IPHONEOS_DEPLOYMENT_TARGET = 16.4;
				MARKETING_VERSION = 1.0;
				PRODUCT_BUNDLE_IDENTIFIER = "Personal-Project.yubisayuAllahuakbarTests";
				PRODUCT_NAME = "$(TARGET_NAME)";
				SWIFT_EMIT_LOC_STRINGS = NO;
				SWIFT_VERSION = 5.0;
				TARGETED_DEVICE_FAMILY = "1,2";
				TEST_HOST = "$(BUILT_PRODUCTS_DIR)/yubisayuAllahuakbar.app/$(BUNDLE_EXECUTABLE_FOLDER_PATH)/yubisayuAllahuakbar";
			};
			name = Debug;
		};
		B34A26272A1754C300B63D41 /* Release */ = {
			isa = XCBuildConfiguration;
			buildSettings = {
				ALWAYS_EMBED_SWIFT_STANDARD_LIBRARIES = YES;
				BUNDLE_LOADER = "$(TEST_HOST)";
				CODE_SIGN_STYLE = Automatic;
				CURRENT_PROJECT_VERSION = 1;
				DEVELOPMENT_TEAM = 23AZZMTR57;
				GENERATE_INFOPLIST_FILE = YES;
				IPHONEOS_DEPLOYMENT_TARGET = 16.4;
				MARKETING_VERSION = 1.0;
				PRODUCT_BUNDLE_IDENTIFIER = "Personal-Project.yubisayuAllahuakbarTests";
				PRODUCT_NAME = "$(TARGET_NAME)";
				SWIFT_EMIT_LOC_STRINGS = NO;
				SWIFT_VERSION = 5.0;
				TARGETED_DEVICE_FAMILY = "1,2";
				TEST_HOST = "$(BUILT_PRODUCTS_DIR)/yubisayuAllahuakbar.app/$(BUNDLE_EXECUTABLE_FOLDER_PATH)/yubisayuAllahuakbar";
			};
			name = Release;
		};
		B34A26292A1754C300B63D41 /* Debug */ = {
			isa = XCBuildConfiguration;
			buildSettings = {
				ALWAYS_EMBED_SWIFT_STANDARD_LIBRARIES = YES;
				CODE_SIGN_STYLE = Automatic;
				CURRENT_PROJECT_VERSION = 1;
				DEVELOPMENT_TEAM = 23AZZMTR57;
				GENERATE_INFOPLIST_FILE = YES;
				MARKETING_VERSION = 1.0;
				PRODUCT_BUNDLE_IDENTIFIER = "Personal-Project.yubisayuAllahuakbarUITests";
				PRODUCT_NAME = "$(TARGET_NAME)";
				SWIFT_EMIT_LOC_STRINGS = NO;
				SWIFT_VERSION = 5.0;
				TARGETED_DEVICE_FAMILY = "1,2";
				TEST_TARGET_NAME = yubisayuAllahuakbar;
			};
			name = Debug;
		};
		B34A262A2A1754C300B63D41 /* Release */ = {
			isa = XCBuildConfiguration;
			buildSettings = {
				ALWAYS_EMBED_SWIFT_STANDARD_LIBRARIES = YES;
				CODE_SIGN_STYLE = Automatic;
				CURRENT_PROJECT_VERSION = 1;
				DEVELOPMENT_TEAM = 23AZZMTR57;
				GENERATE_INFOPLIST_FILE = YES;
				MARKETING_VERSION = 1.0;
				PRODUCT_BUNDLE_IDENTIFIER = "Personal-Project.yubisayuAllahuakbarUITests";
				PRODUCT_NAME = "$(TARGET_NAME)";
				SWIFT_EMIT_LOC_STRINGS = NO;
				SWIFT_VERSION = 5.0;
				TARGETED_DEVICE_FAMILY = "1,2";
				TEST_TARGET_NAME = yubisayuAllahuakbar;
			};
			name = Release;
		};
/* End XCBuildConfiguration section */

/* Begin XCConfigurationList section */
		B34A25F92A1754C300B63D41 /* Build configuration list for PBXProject "yubisayuAllahuakbar" */ = {
			isa = XCConfigurationList;
			buildConfigurations = (
				B34A26202A1754C300B63D41 /* Debug */,
				B34A26212A1754C300B63D41 /* Release */,
			);
			defaultConfigurationIsVisible = 0;
			defaultConfigurationName = Release;
		};
		B34A26222A1754C300B63D41 /* Build configuration list for PBXNativeTarget "yubisayuAllahuakbar" */ = {
			isa = XCConfigurationList;
			buildConfigurations = (
				B34A26232A1754C300B63D41 /* Debug */,
				B34A26242A1754C300B63D41 /* Release */,
			);
			defaultConfigurationIsVisible = 0;
			defaultConfigurationName = Release;
		};
		B34A26252A1754C300B63D41 /* Build configuration list for PBXNativeTarget "yubisayuAllahuakbarTests" */ = {
			isa = XCConfigurationList;
			buildConfigurations = (
				B34A26262A1754C300B63D41 /* Debug */,
				B34A26272A1754C300B63D41 /* Release */,
			);
			defaultConfigurationIsVisible = 0;
			defaultConfigurationName = Release;
		};
		B34A26282A1754C300B63D41 /* Build configuration list for PBXNativeTarget "yubisayuAllahuakbarUITests" */ = {
			isa = XCConfigurationList;
			buildConfigurations = (
				B34A26292A1754C300B63D41 /* Debug */,
				B34A262A2A1754C300B63D41 /* Release */,
			);
			defaultConfigurationIsVisible = 0;
			defaultConfigurationName = Release;
		};
/* End XCConfigurationList section */
	};
	rootObject = B34A25F62A1754C300B63D41 /* Project object */;
}
